{
  "version": "2",
  "remote": {
    "https://deno.land/std@0.119.0/encoding/hex.ts": "5bc7df19af498c315cdaba69e2fce1b2aef5fc57344e8c21c08991aa8505a260",
    "https://deno.land/std@0.119.0/hash/_sha3/keccak.ts": "455fe38b6aa954c3c02b14cbc19f9189e489b216e434d56c579f75f3dbd719e1",
    "https://deno.land/std@0.119.0/hash/_sha3/keccakf.ts": "42b4a07d13fc3065a772212f00c0f82e6a7079d441b7a9f5446c052939c12ff0",
    "https://deno.land/std@0.119.0/hash/_sha3/sha3.ts": "e358dbe1a53718e77e2ce9ccf48a13596cda197ea0872f58800ca4131edb92d5",
    "https://deno.land/std@0.119.0/hash/_sha3/shake.ts": "0c435408a1cf5e24e29f730e327ab09c38e63f3c99ba8fca5698950bb501e0c7",
    "https://deno.land/std@0.119.0/hash/_sha3/sponge.ts": "9fc303a1ac65fffc12f95affc9917cced0e6177ac498be56e6dbf6a2a079e871",
    "https://deno.land/std@0.119.0/hash/md5.ts": "957791b9052b40cfa211eeb755a76ad6ad12177387ba84b47c4bc8be4edd60c8",
    "https://deno.land/std@0.119.0/hash/sha1.ts": "253a3bc7340299fd64ecfd529c630d39ee478530e2ff7d756ce819db220b1d3c",
    "https://deno.land/std@0.119.0/hash/sha256.ts": "bd85257c68d1fdd9da8457284c4fbb04efa9f4f2229b5f41a638d5b71a3a8d5c",
    "https://deno.land/std@0.119.0/hash/sha3.ts": "968f40bfe58ade9a064416e38e647dc45a4cc578e7803fb3f7f16457d8ce55a9",
    "https://deno.land/std@0.119.0/hash/sha512.ts": "d96cd1360fe9a176483b44b6d118bdabeab1da5feda882d718126812d4d85475",
    "https://deno.land/std@0.140.0/_util/assert.ts": "e94f2eb37cebd7f199952e242c77654e43333c1ac4c5c700e929ea3aa5489f74",
    "https://deno.land/std@0.140.0/_util/os.ts": "3b4c6e27febd119d36a416d7a97bd3b0251b77c88942c8f16ee5953ea13e2e49",
    "https://deno.land/std@0.140.0/path/_constants.ts": "df1db3ffa6dd6d1252cc9617e5d72165cd2483df90e93833e13580687b6083c3",
    "https://deno.land/std@0.140.0/path/_interface.ts": "ee3b431a336b80cf445441109d089b70d87d5e248f4f90ff906820889ecf8d09",
    "https://deno.land/std@0.140.0/path/_util.ts": "c1e9686d0164e29f7d880b2158971d805b6e0efc3110d0b3e24e4b8af2190d2b",
    "https://deno.land/std@0.140.0/path/common.ts": "bee563630abd2d97f99d83c96c2fa0cca7cee103e8cb4e7699ec4d5db7bd2633",
    "https://deno.land/std@0.140.0/path/glob.ts": "cb5255638de1048973c3e69e420c77dc04f75755524cb3b2e160fe9277d939ee",
    "https://deno.land/std@0.140.0/path/mod.ts": "d3e68d0abb393fb0bf94a6d07c46ec31dc755b544b13144dee931d8d5f06a52d",
    "https://deno.land/std@0.140.0/path/posix.ts": "293cdaec3ecccec0a9cc2b534302dfe308adb6f10861fa183275d6695faace44",
    "https://deno.land/std@0.140.0/path/separator.ts": "fe1816cb765a8068afb3e8f13ad272351c85cbc739af56dacfc7d93d710fe0f9",
    "https://deno.land/std@0.140.0/path/win32.ts": "31811536855e19ba37a999cd8d1b62078235548d67902ece4aa6b814596dd757",
    "https://deno.land/std@0.177.0/_util/asserts.ts": "178dfc49a464aee693a7e285567b3d0b555dc805ff490505a8aae34f9cfb1462",
    "https://deno.land/std@0.177.0/_util/os.ts": "d932f56d41e4f6a6093d56044e29ce637f8dcc43c5a90af43504a889cf1775e3",
    "https://deno.land/std@0.177.0/bytes/index_of_needle.ts": "65c939607df609374c4415598fa4dad04a2f14c4d98cd15775216f0aaf597f24",
    "https://deno.land/std@0.177.0/encoding/base64.ts": "7de04c2f8aeeb41453b09b186480be90f2ff357613b988e99fabb91d2eeceba1",
    "https://deno.land/std@0.177.0/encoding/base64url.ts": "3f1178f6446834457b16bfde8b559c1cd3481727fe384d3385e4a9995dc2d851",
    "https://deno.land/std@0.177.0/node/_core.ts": "9a58c0ef98ee77e9b8fcc405511d1b37a003a705eb6a9b6e95f75434d8009adc",
    "https://deno.land/std@0.177.0/node/_utils.ts": "7fd55872a0cf9275e3c080a60e2fa6d45b8de9e956ebcde9053e72a344185884",
    "https://deno.land/std@0.177.0/node/buffer.ts": "85617be2063eccaf177dbb84c7580d1e32023724ed14bd9df4e453b152a26167",
    "https://deno.land/std@0.177.0/node/internal/buffer.d.ts": "bdfa991cd88cb02fd08bf8235d2618550e3e511c970b2a8f2e1a6885a2793cac",
    "https://deno.land/std@0.177.0/node/internal/buffer.mjs": "e92303a3cc6d9aaabcd270a937ad9319825d9ba08cb332650944df4562029b27",
    "https://deno.land/std@0.177.0/node/internal/crypto/_keys.ts": "8f3c3b5a141aa0331a53c205e9338655f1b3b307a08085fd6ff6dda6f7c4190b",
    "https://deno.land/std@0.177.0/node/internal/crypto/constants.ts": "544d605703053218499b08214f2e25cf4310651d535b7ab995891c4b7a217693",
    "https://deno.land/std@0.177.0/node/internal/error_codes.ts": "8495e33f448a484518d76fa3d41d34fc20fe03c14b30130ad8e936b0035d4b8b",
    "https://deno.land/std@0.177.0/node/internal/errors.ts": "1c699b8a3cb93174f697a348c004b1c6d576b66688eac8a48ebb78e65c720aae",
    "https://deno.land/std@0.177.0/node/internal/hide_stack_frames.ts": "9dd1bad0a6e62a1042ce3a51eb1b1ecee2f246907bff44835f86e8f021de679a",
    "https://deno.land/std@0.177.0/node/internal/normalize_encoding.mjs": "fd1d9df61c44d7196432f6e8244621468715131d18cc79cd299fc78ac549f707",
    "https://deno.land/std@0.177.0/node/internal/primordials.mjs": "a72d86b5aa55d3d50b8e916b6a59b7cc0dc5a31da8937114b4a113ad5aa08c74",
    "https://deno.land/std@0.177.0/node/internal/util.mjs": "f7fe2e1ca5e66f550ad0856b9f5ee4d666f0c071fe212ea7fc7f37cfa81f97a5",
    "https://deno.land/std@0.177.0/node/internal/util/inspect.mjs": "11d7c9cab514b8e485acc3978c74b837263ff9c08ae4537fa18ad56bae633259",
    "https://deno.land/std@0.177.0/node/internal/util/types.ts": "0e587b44ec5e017cf228589fc5ce9983b75beece6c39409c34170cfad49d6417",
    "https://deno.land/std@0.177.0/node/internal/validators.mjs": "e02f2b02dd072a5d623970292588d541204dc82207b4c58985d933a5f4b382e6",
    "https://deno.land/std@0.177.0/node/internal_binding/_libuv_winerror.ts": "30c9569603d4b97a1f1a034d88a3f74800d5ea1f12fcc3d225c9899d4e1a518b",
    "https://deno.land/std@0.177.0/node/internal_binding/_node.ts": "cb2389b0eab121df99853eb6a5e3a684e4537e065fb8bf2cca0cbf219ce4e32e",
    "https://deno.land/std@0.177.0/node/internal_binding/_utils.ts": "7c58a2fbb031a204dee9583ba211cf9c67922112fe77e7f0b3226112469e9fe1",
    "https://deno.land/std@0.177.0/node/internal_binding/_winerror.ts": "3e8cfdfe22e89f13d2b28529bab35155e6b1730c0221ec5a6fc7077dc037be13",
    "https://deno.land/std@0.177.0/node/internal_binding/buffer.ts": "31729e0537921d6c730ad0afea44a7e8a0a1044d070ade8368226cb6f7390c8b",
    "https://deno.land/std@0.177.0/node/internal_binding/constants.ts": "21ff9d1ee71d0a2086541083a7711842fc6ae25e264dbf45c73815aadce06f4c",
    "https://deno.land/std@0.177.0/node/internal_binding/string_decoder.ts": "54c3c1cbd5a9254881be58bf22637965dc69535483014dab60487e299cb95445",
    "https://deno.land/std@0.177.0/node/internal_binding/types.ts": "2187595a58d2cf0134f4db6cc2a12bf777f452f52b15b6c3aed73fa072aa5fc3",
    "https://deno.land/std@0.177.0/node/internal_binding/util.ts": "808ff3b92740284184ab824adfc420e75398c88c8bccf5111f0c24ac18c48f10",
    "https://deno.land/std@0.177.0/node/internal_binding/uv.ts": "eb0048e30af4db407fb3f95563e30d70efd6187051c033713b0a5b768593a3a3",
    "https://deno.land/std@0.184.0/async/abortable.ts": "fd682fa46f3b7b16b4606a5ab52a7ce309434b76f820d3221bdfb862719a15d7",
    "https://deno.land/std@0.184.0/async/deadline.ts": "c5facb0b404eede83e38bd2717ea8ab34faa2ffb20ef87fd261fcba32ba307aa",
    "https://deno.land/std@0.184.0/async/debounce.ts": "adab11d04ca38d699444ac8a9d9856b4155e8dda2afd07ce78276c01ea5a4332",
    "https://deno.land/std@0.184.0/async/deferred.ts": "42790112f36a75a57db4a96d33974a936deb7b04d25c6084a9fa8a49f135def8",
    "https://deno.land/std@0.184.0/async/delay.ts": "73aa04cec034c84fc748c7be49bb15cac3dd43a57174bfdb7a4aec22c248f0dd",
    "https://deno.land/std@0.184.0/async/mod.ts": "f04344fa21738e5ad6bea37a6bfffd57c617c2d372bb9f9dcfd118a1b622e576",
    "https://deno.land/std@0.184.0/async/mux_async_iterator.ts": "70c7f2ee4e9466161350473ad61cac0b9f115cff4c552eaa7ef9d50c4cbb4cc9",
    "https://deno.land/std@0.184.0/async/pool.ts": "fd082bd4aaf26445909889435a5c74334c017847842ec035739b4ae637ae8260",
    "https://deno.land/std@0.184.0/async/retry.ts": "dd19d93033d8eaddbfcb7654c0366e9d3b0a21448bdb06eba4a7d8a8cf936a92",
    "https://deno.land/std@0.184.0/async/tee.ts": "47e42d35f622650b02234d43803d0383a89eb4387e1b83b5a40106d18ae36757",
    "https://deno.land/std@0.184.0/http/server.ts": "cbb17b594651215ba95c01a395700684e569c165a567e4e04bba327f41197433",
    "https://deno.land/x/media_types@deprecated/mod.ts": "ef1423031579cc0cc125f099572dd3c245d1f7d71aed1da077515d29ba5636d6",
    "https://esm.sh/crc@4.3.2/": "b6414155da01138cbf8f0eb2fefb2175a3fc2953a14dea823eca247879727b70",
    "https://esm.sh/diff@5.1.0/": "1c291ace47a5163a5a660efbe414ef2fa8e5fdb5396429cf724e9fd46af882f8",
    "https://esm.sh/v117/@types/diff@5.0.3/index.d.ts": "ba63f5b1ff04b72c9974f16d0bf76cd6318573642eed8afdd044d4fc8a9aae8e",
    "https://esm.sh/v117/diff@5.1.0/deno/diff.mjs": "eb6e643358ea75a6dfb4da153b2d79862292fcde071152f82c362d8b51e9c817",
    "https://esm.sh/v118/@types/node@18.16.0/buffer.d.ts": "75dafc11ed832e73e66e7d9d6922e804585e67ebd61438e0b827d20ac76c3177",
    "https://esm.sh/v118/@types/node@18.16.0/crypto.d.ts": "338095dd8b65a9bc3437576a232f9e4c4d15ef0936cc837d0903f228a8583dde",
    "https://esm.sh/v118/@types/node@18.16.0/dns.d.ts": "77ab2433b39455dc7dc82ed77db69dfb86f5657205145fd85235c6b71b7b2d4a",
    "https://esm.sh/v118/@types/node@18.16.0/dns/promises.d.ts": "c3afae5319e0135768f3991973794957dbff7ae9c81a27e0cad7e5ba08b5c4e1",
    "https://esm.sh/v118/@types/node@18.16.0/events.d.ts": "65a9b95b9dd21a82e97487d1a3b89cf8df48046bcc907371562a3d2c48f916aa",
    "https://esm.sh/v118/@types/node@18.16.0/net.d.ts": "ff1446967713aceede3e912e1a255236443398d787ebbd18fac1b8b8908141fb",
    "https://esm.sh/v118/@types/node@18.16.0/stream.d.ts": "65f853fa1ad97d7ea9924673d709f86403c03e595ae90c1739004a63894b343f",
    "https://esm.sh/v118/@types/node@18.16.0/stream/consumers.d.ts": "ca815218be75f4053cb79bca868916d5898188861f73f9836a738e8b0fa65803",
    "https://esm.sh/v118/@types/node@18.16.0/stream/promises.d.ts": "111fed8e5372f22de1074ab41dde0eeadb55e71b190cdd8d669bfc607958dfb3",
    "https://esm.sh/v118/@types/node@18.16.0/stream/web.d.ts": "eaaafdd167b4c364f7803232be872bf2e8d6dc9c4050f223b6139afcb7003f74",
    "https://esm.sh/v118/@types/node@18.16.0/tls.d.ts": "9e350ed1a7a5df3f71ac6c6637230e088ade506629ef9bbc131d5fab09541e0a",
    "https://esm.sh/v118/crc@4.3.2/deno/crc.mjs": "ebae4ea2e4a51855284565a348f83c67d71b7a44e57115da541344c8ece526c5",
    "https://esm.sh/v118/crc@4.3.2/mjs/crc1.d.ts": "2fd5feba6ad63887a0bb947f8321fc422650c00d12f177878b8ca04e901efb79",
    "https://esm.sh/v118/crc@4.3.2/mjs/crc16.d.ts": "2fd5feba6ad63887a0bb947f8321fc422650c00d12f177878b8ca04e901efb79",
    "https://esm.sh/v118/crc@4.3.2/mjs/crc16ccitt.d.ts": "2fd5feba6ad63887a0bb947f8321fc422650c00d12f177878b8ca04e901efb79",
    "https://esm.sh/v118/crc@4.3.2/mjs/crc16kermit.d.ts": "2fd5feba6ad63887a0bb947f8321fc422650c00d12f177878b8ca04e901efb79",
    "https://esm.sh/v118/crc@4.3.2/mjs/crc16modbus.d.ts": "2fd5feba6ad63887a0bb947f8321fc422650c00d12f177878b8ca04e901efb79",
    "https://esm.sh/v118/crc@4.3.2/mjs/crc16xmodem.d.ts": "2fd5feba6ad63887a0bb947f8321fc422650c00d12f177878b8ca04e901efb79",
    "https://esm.sh/v118/crc@4.3.2/mjs/crc24.d.ts": "2fd5feba6ad63887a0bb947f8321fc422650c00d12f177878b8ca04e901efb79",
    "https://esm.sh/v118/crc@4.3.2/mjs/crc32.d.ts": "2fd5feba6ad63887a0bb947f8321fc422650c00d12f177878b8ca04e901efb79",
    "https://esm.sh/v118/crc@4.3.2/mjs/crc32mpeg2.d.ts": "2fd5feba6ad63887a0bb947f8321fc422650c00d12f177878b8ca04e901efb79",
    "https://esm.sh/v118/crc@4.3.2/mjs/crc8.d.ts": "2fd5feba6ad63887a0bb947f8321fc422650c00d12f177878b8ca04e901efb79",
    "https://esm.sh/v118/crc@4.3.2/mjs/crc81wire.d.ts": "2fd5feba6ad63887a0bb947f8321fc422650c00d12f177878b8ca04e901efb79",
    "https://esm.sh/v118/crc@4.3.2/mjs/crc8dvbs2.d.ts": "2fd5feba6ad63887a0bb947f8321fc422650c00d12f177878b8ca04e901efb79",
    "https://esm.sh/v118/crc@4.3.2/mjs/crcjam.d.ts": "2fd5feba6ad63887a0bb947f8321fc422650c00d12f177878b8ca04e901efb79",
    "https://esm.sh/v118/crc@4.3.2/mjs/index.d.ts": "0554e972eb2af52c9833d3e7c2b417598c661b5aa3f65f88541dd3727c2a7104",
    "https://esm.sh/v118/crc@4.3.2/mjs/types.d.ts": "a5c0073379a035d6b771713692b6f140572555ede5f3f73d35c7f44755f21501",
    "https://esm.sh/v118/node.ns.d.ts": "0fb081f0cd2150931bd54baa04f31466abd9ca701fd9060d07931402cf8367ba",
    "https://raw.githubusercontent.com/jshttp/mime-db/v1.52.0/db.json": "85c8e1ba609079947c8df83c092900ab0226e1d7b60e5e7105fb7dd701833263"
  },
  "npm": {
    "specifiers": {
      "@dprint/formatter": "@dprint/formatter@0.2.0"
    },
    "packages": {
      "@dprint/formatter@0.2.0": {
        "integrity": "sha512-E1q1JaOPeEUBhG//IUayqJQvNpqprZ0OCF8B/bIhUqSsMIp0Y74PgF8JPvDCrOdq43qiGUYAavVO8iCBHOoU/A==",
        "dependencies": {}
      }
    }
  }
}
